
Microsoft Visual Studio Solution File, Format Version 12.00
# Visual Studio Version 16
VisualStudioVersion = 16.0.30011.22
MinimumVisualStudioVersion = 10.0.40219.1
Project("{FAE04EC0-301F-11D3-BF4B-00C04F79EFBC}") = "WheatherAppXamarin.Android", "WheatherAppXamarin\WheatherAppXamarin.Android\WheatherAppXamarin.Android.csproj", "{43CCF556-EAF6-4A8C-9B5C-BCA2508B95F5}"
EndProject
Project("{FAE04EC0-301F-11D3-BF4B-00C04F79EFBC}") = "WheatherAppXamarin.iOS", "WheatherAppXamarin\WheatherAppXamarin.iOS\WheatherAppXamarin.iOS.csproj", "{3529D5D2-43A6-4527-8160-43C9711E9708}"
EndProject
Project("{FAE04EC0-301F-11D3-BF4B-00C04F79EFBC}") = "WheatherAppXamarin", "WheatherAppXamarin\WheatherAppXamarin\WheatherAppXamarin.csproj", "{476A2C9A-83D2-4FC9-ADB6-093D7C500DD1}"
EndProject
Global
	GlobalSection(SolutionConfigurationPlatforms) = preSolution
		Debug|Any CPU = Debug|Any CPU
		Debug|iPhone = Debug|iPhone
		Debug|iPhoneSimulator = Debug|iPhoneSimulator
		Release|Any CPU = Release|Any CPU
		Release|iPhone = Release|iPhone
		Release|iPhoneSimulator = Release|iPhoneSimulator
	EndGlobalSection
	GlobalSection(ProjectConfigurationPlatforms) = postSolution
		{43CCF556-EAF6-4A8C-9B5C-BCA2508B95F5}.Debug|Any CPU.ActiveCfg = Debug|Any CPU
		{43CCF556-EAF6-4A8C-9B5C-BCA2508B95F5}.Debug|Any CPU.Build.0 = Debug|Any CPU
		{43CCF556-EAF6-4A8C-9B5C-BCA2508B95F5}.Debug|Any CPU.Deploy.0 = Debug|Any CPU
		{43CCF556-EAF6-4A8C-9B5C-BCA2508B95F5}.Debug|iPhone.ActiveCfg = Debug|Any CPU
		{43CCF556-EAF6-4A8C-9B5C-BCA2508B95F5}.Debug|iPhone.Build.0 = Debug|Any CPU
		{43CCF556-EAF6-4A8C-9B5C-BCA2508B95F5}.Debug|iPhone.Deploy.0 = Debug|Any CPU
		{43CCF556-EAF6-4A8C-9B5C-BCA2508B95F5}.Debug|iPhoneSimulator.ActiveCfg = Debug|Any CPU
		{43CCF556-EAF6-4A8C-9B5C-BCA2508B95F5}.Debug|iPhoneSimulator.Build.0 = Debug|Any CPU
		{43CCF556-EAF6-4A8C-9B5C-BCA2508B95F5}.Debug|iPhoneSimulator.Deploy.0 = Debug|Any CPU
		{43CCF556-EAF6-4A8C-9B5C-BCA2508B95F5}.Release|Any CPU.ActiveCfg = Release|Any CPU
		{43CCF556-EAF6-4A8C-9B5C-BCA2508B95F5}.Release|Any CPU.Build.0 = Release|Any CPU
		{43CCF556-EAF6-4A8C-9B5C-BCA2508B95F5}.Release|Any CPU.Deploy.0 = Release|Any CPU
		{43CCF556-EAF6-4A8C-9B5C-BCA2508B95F5}.Release|iPhone.ActiveCfg = Release|Any CPU
		{43CCF556-EAF6-4A8C-9B5C-BCA2508B95F5}.Release|iPhone.Build.0 = Release|Any CPU
		{43CCF556-EAF6-4A8C-9B5C-BCA2508B95F5}.Release|iPhone.Deploy.0 = Release|Any CPU
		{43CCF556-EAF6-4A8C-9B5C-BCA2508B95F5}.Release|iPhoneSimulator.ActiveCfg = Release|Any CPU
		{43CCF556-EAF6-4A8C-9B5C-BCA2508B95F5}.Release|iPhoneSimulator.Build.0 = Release|Any CPU
		{43CCF556-EAF6-4A8C-9B5C-BCA2508B95F5}.Release|iPhoneSimulator.Deploy.0 = Release|Any CPU
		{3529D5D2-43A6-4527-8160-43C9711E9708}.Debug|Any CPU.ActiveCfg = Debug|iPhone
		{3529D5D2-43A6-4527-8160-43C9711E9708}.Debug|Any CPU.Build.0 = Debug|iPhone
		{3529D5D2-43A6-4527-8160-43C9711E9708}.Debug|Any CPU.Deploy.0 = Debug|iPhone
		{3529D5D2-43A6-4527-8160-43C9711E9708}.Debug|iPhone.ActiveCfg = Debug|iPhone
		{3529D5D2-43A6-4527-8160-43C9711E9708}.Debug|iPhone.Build.0 = Debug|iPhone
		{3529D5D2-43A6-4527-8160-43C9711E9708}.Debug|iPhone.Deploy.0 = Debug|iPhone
		{3529D5D2-43A6-4527-8160-43C9711E9708}.Debug|iPhoneSimulator.ActiveCfg = Debug|iPhoneSimulator
		{3529D5D2-43A6-4527-8160-43C9711E9708}.Debug|iPhoneSimulator.Build.0 = Debug|iPhoneSimulator
		{3529D5D2-43A6-4527-8160-43C9711E9708}.Debug|iPhoneSimulator.Deploy.0 = Debug|iPhoneSimulator
		{3529D5D2-43A6-4527-8160-43C9711E9708}.Release|Any CPU.ActiveCfg = Release|iPhone
		{3529D5D2-43A6-4527-8160-43C9711E9708}.Release|Any CPU.Build.0 = Release|iPhone
		{3529D5D2-43A6-4527-8160-43C9711E9708}.Release|Any CPU.Deploy.0 = Release|iPhone
		{3529D5D2-43A6-4527-8160-43C9711E9708}.Release|iPhone.ActiveCfg = Release|iPhone
		{3529D5D2-43A6-4527-8160-43C9711E9708}.Release|iPhone.Build.0 = Release|iPhone
		{3529D5D2-43A6-4527-8160-43C9711E9708}.Release|iPhone.Deploy.0 = Release|iPhone
		{3529D5D2-43A6-4527-8160-43C9711E9708}.Release|iPhoneSimulator.ActiveCfg = Release|iPhoneSimulator
		{3529D5D2-43A6-4527-8160-43C9711E9708}.Release|iPhoneSimulator.Build.0 = Release|iPhoneSimulator
		{3529D5D2-43A6-4527-8160-43C9711E9708}.Release|iPhoneSimulator.Deploy.0 = Release|iPhoneSimulator
		{476A2C9A-83D2-4FC9-ADB6-093D7C500DD1}.Debug|Any CPU.ActiveCfg = Debug|Any CPU
		{476A2C9A-83D2-4FC9-ADB6-093D7C500DD1}.Debug|Any CPU.Build.0 = Debug|Any CPU
		{476A2C9A-83D2-4FC9-ADB6-093D7C500DD1}.Debug|Any CPU.Deploy.0 = Debug|Any CPU
		{476A2C9A-83D2-4FC9-ADB6-093D7C500DD1}.Debug|iPhone.ActiveCfg = Debug|Any CPU
		{476A2C9A-83D2-4FC9-ADB6-093D7C500DD1}.Debug|iPhone.Build.0 = Debug|Any CPU
		{476A2C9A-83D2-4FC9-ADB6-093D7C500DD1}.Debug|iPhone.Deploy.0 = Debug|Any CPU
		{476A2C9A-83D2-4FC9-ADB6-093D7C500DD1}.Debug|iPhoneSimulator.ActiveCfg = Debug|Any CPU
		{476A2C9A-83D2-4FC9-ADB6-093D7C500DD1}.Debug|iPhoneSimulator.Build.0 = Debug|Any CPU
		{476A2C9A-83D2-4FC9-ADB6-093D7C500DD1}.Debug|iPhoneSimulator.Deploy.0 = Debug|Any CPU
		{476A2C9A-83D2-4FC9-ADB6-093D7C500DD1}.Release|Any CPU.ActiveCfg = Release|Any CPU
		{476A2C9A-83D2-4FC9-ADB6-093D7C500DD1}.Release|Any CPU.Build.0 = Release|Any CPU
		{476A2C9A-83D2-4FC9-ADB6-093D7C500DD1}.Release|Any CPU.Deploy.0 = Release|Any CPU
		{476A2C9A-83D2-4FC9-ADB6-093D7C500DD1}.Release|iPhone.ActiveCfg = Release|Any CPU
		{476A2C9A-83D2-4FC9-ADB6-093D7C500DD1}.Release|iPhone.Build.0 = Release|Any CPU
		{476A2C9A-83D2-4FC9-ADB6-093D7C500DD1}.Release|iPhone.Deploy.0 = Release|Any CPU
		{476A2C9A-83D2-4FC9-ADB6-093D7C500DD1}.Release|iPhoneSimulator.ActiveCfg = Release|Any CPU
		{476A2C9A-83D2-4FC9-ADB6-093D7C500DD1}.Release|iPhoneSimulator.Build.0 = Release|Any CPU
		{476A2C9A-83D2-4FC9-ADB6-093D7C500DD1}.Release|iPhoneSimulator.Deploy.0 = Release|Any CPU
	EndGlobalSection
	GlobalSection(SolutionProperties) = preSolution
		HideSolutionNode = FALSE
	EndGlobalSection
	GlobalSection(ExtensibilityGlobals) = postSolution
		SolutionGuid = {0FB8F09E-134D-4AC8-B869-B6AD24A11F9F}
	EndGlobalSection
EndGlobal
